<?xml version="1.0" encoding="utf-8"?>
<Project ToolsVersion="4.0" xmlns="http://schemas.microsoft.com/developer/msbuild/2003">
  <ItemGroup>
    <Filter Include="Common">
      <UniqueIdentifier>2ec8955c-572f-47a1-9f45-d22b2c522ce3</UniqueIdentifier>
    </Filter>
    <Filter Include="Assets">
      <UniqueIdentifier>410173d4-e063-45fa-8b88-9ad53d3cda30</UniqueIdentifier>
      <Extensions>bmp;fbx;gif;jpg;jpeg;tga;tiff;tif;png</Extensions>
    </Filter>
    <Filter Include="Content">
      <UniqueIdentifier>42a2be88-3b4c-448d-90c6-9b5566d86cbb</UniqueIdentifier>
    </Filter>
    <ClInclude Include="Common\d3dx12.h">
      <Filter>Common</Filter>
    </ClInclude>
    <ClInclude Include="Common\DirectXHelper.h">
      <Filter>Common</Filter>
    </ClInclude>
    <ClInclude Include="Common\StepTimer.h">
      <Filter>Common</Filter>
    </ClInclude>
    <ClInclude Include="Common\DeviceResources.h">
      <Filter>Common</Filter>
    </ClInclude>
    <ClCompile Include="Common\DeviceResources.cpp">
      <Filter>Common</Filter>
    </ClCompile>
    <Image Include="Assets\LockScreenLogo.scale-200.png">
      <Filter>Assets</Filter>
    </Image>
    <Image Include="Assets\SplashScreen.scale-200.png">
      <Filter>Assets</Filter>
    </Image>
    <Image Include="Assets\Square150x150Logo.scale-200.png">
      <Filter>Assets</Filter>
    </Image>
    <Image Include="Assets\Square44x44Logo.scale-200.png">
      <Filter>Assets</Filter>
    </Image>
    <Image Include="Assets\Square44x44Logo.targetsize-24_altform-unplated.png">
      <Filter>Assets</Filter>
    </Image>
    <Image Include="Assets\StoreLogo.png">
      <Filter>Assets</Filter>
    </Image>
    <Image Include="Assets\Wide310x150Logo.scale-200.png">
      <Filter>Assets</Filter>
    </Image>
    <Filter Include="cpp">
      <UniqueIdentifier>{19cfab6c-aa94-418a-91ab-7ed62f08ef47}</UniqueIdentifier>
    </Filter>
    <Filter Include="cpp\input">
      <UniqueIdentifier>{32913a34-0fc4-44f7-91ce-07b261ace278}</UniqueIdentifier>
    </Filter>
    <Filter Include="Content\shaders">
      <UniqueIdentifier>{ef3409c8-a7f0-4471-9cf2-7cd5cb530e12}</UniqueIdentifier>
    </Filter>
    <Filter Include="imgui">
      <UniqueIdentifier>{03f23f82-fc44-49b3-9d14-e069fd1a6a55}</UniqueIdentifier>
    </Filter>
    <Filter Include="Shared">
      <UniqueIdentifier>{7eee71f0-e498-492a-a809-0cf7a799da3c}</UniqueIdentifier>
    </Filter>
  </ItemGroup>
  <ItemGroup>
    <ClCompile Include="App.cpp" />
    <ClCompile Include="FireAndForget_v2Main.cpp" />
    <ClCompile Include="pch.cpp" />
    <ClCompile Include="..\source\cpp\Assets.cpp">
      <Filter>cpp</Filter>
    </ClCompile>
    <ClCompile Include="..\source\cpp\Camera.cpp">
      <Filter>cpp</Filter>
    </ClCompile>
    <ClCompile Include="..\source\cpp\Scene.cpp">
      <Filter>cpp</Filter>
    </ClCompile>
    <ClCompile Include="..\source\cpp\Sphere.cpp">
      <Filter>cpp</Filter>
    </ClCompile>
    <ClCompile Include="..\source\cpp\Timer.cpp">
      <Filter>cpp</Filter>
    </ClCompile>
    <ClCompile Include="..\source\cpp\input\Input.cpp">
      <Filter>cpp\input</Filter>
    </ClCompile>
    <ClCompile Include="Content\Renderer.cpp">
      <Filter>Content</Filter>
    </ClCompile>
    <ClCompile Include="Content\PipelineState.cpp">
      <Filter>Content</Filter>
    </ClCompile>
    <ClCompile Include="Content\BundleLoader.cpp">
      <Filter>Content</Filter>
    </ClCompile>
    <ClCompile Include="Content\DescriptorHeapAllocator.cpp">
      <Filter>Content</Filter>
    </ClCompile>
    <ClCompile Include="Content\CBFrameAlloc.cpp">
      <Filter>Content</Filter>
    </ClCompile>
    <ClCompile Include="Content\D3DHelpers.cpp">
      <Filter>Content</Filter>
    </ClCompile>
    <ClCompile Include="Content\DescriptorFrameAlloc.cpp">
      <Filter>Content</Filter>
    </ClCompile>
    <ClCompile Include="..\..\..\3rdparty\imgui\imgui.cpp">
      <Filter>imgui</Filter>
    </ClCompile>
    <ClCompile Include="..\..\..\3rdparty\imgui\imgui_demo.cpp">
      <Filter>imgui</Filter>
    </ClCompile>
    <ClCompile Include="..\..\..\3rdparty\imgui\imgui_draw.cpp">
      <Filter>imgui</Filter>
    </ClCompile>
    <ClCompile Include="..\..\..\3rdparty\imgui\imgui_widgets.cpp">
      <Filter>imgui</Filter>
    </ClCompile>
    <ClCompile Include="..\..\..\3rdparty\imgui\examples\imgui_impl_dx12.cpp">
      <Filter>imgui</Filter>
    </ClCompile>
    <ClCompile Include="Content\UI.cpp">
      <Filter>Content</Filter>
    </ClCompile>
  </ItemGroup>
  <ItemGroup>
    <ClInclude Include="App.h" />
    <ClInclude Include="FireAndForget_v2Main.h" />
    <ClInclude Include="pch.h" />
    <ClInclude Include="..\source\cpp\Assets.hpp">
      <Filter>cpp</Filter>
    </ClInclude>
    <ClInclude Include="..\source\cpp\Camera.hpp">
      <Filter>cpp</Filter>
    </ClInclude>
    <ClInclude Include="..\source\cpp\MatrixUtils.h">
      <Filter>cpp</Filter>
    </ClInclude>
    <ClInclude Include="..\source\cpp\Scene.hpp">
      <Filter>cpp</Filter>
    </ClInclude>
    <ClInclude Include="..\source\cpp\Sphere.hpp">
      <Filter>cpp</Filter>
    </ClInclude>
    <ClInclude Include="..\source\cpp\Timer.hpp">
      <Filter>cpp</Filter>
    </ClInclude>
    <ClInclude Include="..\source\cpp\input\Input.hpp">
      <Filter>cpp\input</Filter>
    </ClInclude>
    <ClInclude Include="Content\Renderer.h">
      <Filter>Content</Filter>
    </ClInclude>
    <ClInclude Include="Content\PipelineState.h">
      <Filter>Content</Filter>
    </ClInclude>
    <ClInclude Include="Content\BundleLoader.h">
      <Filter>Content</Filter>
    </ClInclude>
    <ClInclude Include="Content\DescriptorHeapAllocator.h">
      <Filter>Content</Filter>
    </ClInclude>
    <ClInclude Include="..\source\cpp\RendererTypes.h">
      <Filter>cpp</Filter>
    </ClInclude>
    <ClInclude Include="..\source\cpp\ShaderStructures.h">
      <Filter>cpp</Filter>
    </ClInclude>
    <ClInclude Include="..\source\cpp\Transform.h">
      <Filter>cpp</Filter>
    </ClInclude>
    <ClInclude Include="Content\shaders\Common.hlsli">
      <Filter>Content\shaders</Filter>
    </ClInclude>
    <ClInclude Include="Content\shaders\Phong.hlsli">
      <Filter>Content\shaders</Filter>
    </ClInclude>
    <ClInclude Include="Content\CBFrameAlloc.h">
      <Filter>Content</Filter>
    </ClInclude>
    <ClInclude Include="Content\D3DHelpers.h">
      <Filter>Content</Filter>
    </ClInclude>
    <ClInclude Include="Content\DescriptorFrameAlloc.h">
      <Filter>Content</Filter>
    </ClInclude>
    <ClInclude Include="..\source\cpp\Mesh.h">
      <Filter>cpp</Filter>
    </ClInclude>
    <ClInclude Include="..\source\cpp\DeferredBindings.h">
      <Filter>cpp</Filter>
    </ClInclude>
    <ClInclude Include="..\source\cpp\ModoMesh.h">
      <Filter>cpp</Filter>
    </ClInclude>
    <ClInclude Include="..\..\..\3rdparty\imgui\imconfig.h">
      <Filter>imgui</Filter>
    </ClInclude>
    <ClInclude Include="..\..\..\3rdparty\imgui\imgui.h">
      <Filter>imgui</Filter>
    </ClInclude>
    <ClInclude Include="..\..\..\3rdparty\imgui\imgui_internal.h">
      <Filter>imgui</Filter>
    </ClInclude>
    <ClInclude Include="..\..\..\3rdparty\imgui\imstb_rectpack.h">
      <Filter>imgui</Filter>
    </ClInclude>
    <ClInclude Include="..\..\..\3rdparty\imgui\imstb_textedit.h">
      <Filter>imgui</Filter>
    </ClInclude>
    <ClInclude Include="..\..\..\3rdparty\imgui\imstb_truetype.h">
      <Filter>imgui</Filter>
    </ClInclude>
    <ClInclude Include="..\..\..\3rdparty\imgui\examples\imgui_impl_dx12.h">
      <Filter>imgui</Filter>
    </ClInclude>
    <ClInclude Include="Content\UI.h">
      <Filter>Content</Filter>
    </ClInclude>
    <ClInclude Include="..\source\cpp\VertexTypes.h">
      <Filter>cpp</Filter>
    </ClInclude>
    <ClInclude Include="..\Shared\Platform.h">
      <Filter>Shared</Filter>
    </ClInclude>
    <ClInclude Include="..\Shared\ShaderStructs.h">
      <Filter>Shared</Filter>
    </ClInclude>
    <ClInclude Include="..\Shared\SIMDTypeAliases.h">
      <Filter>Shared</Filter>
    </ClInclude>
  </ItemGroup>
  <ItemGroup>
    <AppxManifest Include="Package.appxmanifest" />
  </ItemGroup>
  <ItemGroup>
    <None Include="FireAndForget.v2_TemporaryKey.pfx" />
    <None Include="..\source\assets\BEETHOVE_object.mesh">
      <Filter>Assets</Filter>
    </None>
    <None Include="..\source\assets\checkerboard.mesh">
      <Filter>Assets</Filter>
    </None>
    <None Include="..\source\assets\light.mesh">
      <Filter>Assets</Filter>
    </None>
    <None Include="..\source\assets\box.mesh">
      <Filter>Assets</Filter>
    </None>
    <None Include="..\source\assets\sphere.mesh">
      <Filter>Assets</Filter>
    </None>
    <None Include="Content\shaders\CubeEnvMapRS.hlsli">
      <Filter>Content\shaders</Filter>
    </None>
    <None Include="Content\shaders\DownSampleRS.hlsli">
      <Filter>Content\shaders</Filter>
    </None>
    <None Include="Content\shaders\BgRS.hlsli">
      <Filter>Content\shaders</Filter>
    </None>
    <None Include="Content\shaders\Hammersley.hlsli">
      <Filter>Content\shaders</Filter>
    </None>
    <None Include="Content\shaders\ImportanceSampleGGX.hlsli">
      <Filter>Content\shaders</Filter>
    </None>
    <None Include="Content\shaders\PBR.hlsli">
      <Filter>Content\shaders</Filter>
    </None>
    <None Include="Content\shaders\CubeEnvPrefilterRS.hlsli">
      <Filter>Content\shaders</Filter>
    </None>
    <None Include="Content\shaders\BRDFLUTRS.hlsli">
      <Filter>Content\shaders</Filter>
    </None>
    <None Include="..\source\assets\textured_unit_cube.mesh">
      <Filter>Assets</Filter>
    </None>
    <None Include="Content\shaders\ColorSpaceUtility.hlsli">
      <Filter>Content\shaders</Filter>
    </None>
    <None Include="Content\shaders\DeferredRS.hlsli">
      <Filter>Content\shaders</Filter>
    </None>
    <None Include="Content\shaders\GenMips.hlsli">
      <Filter>Content\shaders</Filter>
    </None>
    <None Include="..\source\assets\Alexs_Apt_2k.hdr">
      <Filter>Assets</Filter>
    </None>
    <None Include="..\source\assets\box_modo.mesh">
      <Filter>Assets</Filter>
    </None>
    <None Include="..\source\assets\checkerboard_modo.mesh">
      <Filter>Assets</Filter>
    </None>
    <None Include="..\source\assets\light_modo.mesh">
      <Filter>Assets</Filter>
    </None>
    <None Include="..\source\assets\sphere_modo.mesh">
      <Filter>Assets</Filter>
    </None>
    <None Include="..\source\assets\test_torus.mesh">
      <Filter>Assets</Filter>
    </None>
    <None Include="..\source\assets\textured_unit_cube_modo.mesh">
      <Filter>Assets</Filter>
    </None>
    <None Include="Content\shaders\ModoDNRS.hlsli">
      <Filter>Content\shaders</Filter>
    </None>
    <None Include="Content\shaders\ModoDNMRRS.hlsli">
      <Filter>Content\shaders</Filter>
    </None>
    <None Include="packages.config" />
    <None Include="..\source\assets\BEETHOVE_object_modo.mesh">
      <Filter>Assets</Filter>
    </None>
    <None Include="..\source\assets\modo_ball_test.mesh">
      <Filter>Assets</Filter>
    </None>
    <None Include="Content\shaders\ShaderInput.hlsli">
      <Filter>Content\shaders</Filter>
    </None>
    <None Include="..\source\assets\box_normal_map_test.mesh">
      <Filter>Assets</Filter>
    </None>
    <None Include="..\source\assets\BEETHOVE_high_modo.mesh">
      <Filter>Assets</Filter>
    </None>
    <None Include="..\source\assets\BEETHOVE_subdivided_twice.mesh">
      <Filter>Assets</Filter>
    </None>
    <None Include="..\source\assets\BEETHOVE_merged_subdivided_twice.mesh">
      <Filter>Assets</Filter>
    </None>
  </ItemGroup>
  <ItemGroup>
    <Image Include="..\source\assets\checkerboard.tga">
      <Filter>Assets</Filter>
    </Image>
    <Image Include="..\source\assets\random.png">
      <Filter>Assets</Filter>
    </Image>
    <Image Include="..\source\assets\7582-normal.png">
      <Filter>Assets</Filter>
    </Image>
    <Image Include="..\source\assets\rusted metal color.png">
      <Filter>Assets</Filter>
    </Image>
    <Image Include="..\source\assets\rusted metal metallic.png">
      <Filter>Assets</Filter>
    </Image>
    <Image Include="..\source\assets\rusted metal normal.png">
      <Filter>Assets</Filter>
    </Image>
    <Image Include="..\source\assets\rusted metal roughness.png">
      <Filter>Assets</Filter>
    </Image>
    <Image Include="..\source\assets\14031-normal.jpg">
      <Filter>Assets</Filter>
    </Image>
    <Image Include="..\source\assets\TestNormalMap.png">
      <Filter>Assets</Filter>
    </Image>
  </ItemGroup>
  <ItemGroup>
    <FxCompile Include="Content\shaders\PosPS.hlsl">
      <Filter>Content\shaders</Filter>
    </FxCompile>
    <FxCompile Include="Content\shaders\PosVS.hlsl">
      <Filter>Content\shaders</Filter>
    </FxCompile>
    <FxCompile Include="Content\shaders\TexPS.hlsl">
      <Filter>Content\shaders</Filter>
    </FxCompile>
    <FxCompile Include="Content\shaders\DebugPS.hlsl">
      <Filter>Content\shaders</Filter>
    </FxCompile>
    <FxCompile Include="Content\shaders\DebugVS.hlsl">
      <Filter>Content\shaders</Filter>
    </FxCompile>
    <FxCompile Include="Content\shaders\TexVS.hlsl">
      <Filter>Content\shaders</Filter>
    </FxCompile>
    <FxCompile Include="Content\shaders\DeferredPS.hlsl">
      <Filter>Content\shaders</Filter>
    </FxCompile>
    <FxCompile Include="Content\shaders\DeferredPBRPS.hlsl">
      <Filter>Content\shaders</Filter>
    </FxCompile>
    <FxCompile Include="Content\shaders\CubeEnvMapVS.hlsl">
      <Filter>Content\shaders</Filter>
    </FxCompile>
    <FxCompile Include="Content\shaders\CubeEnvMapPS.hlsl">
      <Filter>Content\shaders</Filter>
    </FxCompile>
    <FxCompile Include="Content\shaders\CubeEnvIrPS.hlsl">
      <Filter>Content\shaders</Filter>
    </FxCompile>
    <FxCompile Include="Content\shaders\FSQuadVS.hlsl">
      <Filter>Content\shaders</Filter>
    </FxCompile>
    <FxCompile Include="Content\shaders\BgVS.hlsl">
      <Filter>Content\shaders</Filter>
    </FxCompile>
    <FxCompile Include="Content\shaders\BgPS.hlsl">
      <Filter>Content\shaders</Filter>
    </FxCompile>
    <FxCompile Include="Content\shaders\CubeEnvPrefilterPS.hlsl">
      <Filter>Content\shaders</Filter>
    </FxCompile>
    <FxCompile Include="Content\shaders\BRDFLUTPS.hlsl">
      <Filter>Content\shaders</Filter>
    </FxCompile>
    <FxCompile Include="Content\shaders\DownsampleDepthPS.hlsl">
      <Filter>Content\shaders</Filter>
    </FxCompile>
    <FxCompile Include="Content\shaders\GenMips.hlsl">
      <Filter>Content\shaders</Filter>
    </FxCompile>
    <FxCompile Include="Content\shaders\GenMipsOddX.hlsl">
      <Filter>Content\shaders</Filter>
    </FxCompile>
    <FxCompile Include="Content\shaders\GenMipsOddY.hlsl">
      <Filter>Content\shaders</Filter>
    </FxCompile>
    <FxCompile Include="Content\shaders\GenMipsOddXOddY.hlsl">
      <Filter>Content\shaders</Filter>
    </FxCompile>
    <FxCompile Include="Content\shaders\GenMipsSRGB.hlsl">
      <Filter>Content\shaders</Filter>
    </FxCompile>
    <FxCompile Include="Content\shaders\GenMipsOddXSRGB.hlsl">
      <Filter>Content\shaders</Filter>
    </FxCompile>
    <FxCompile Include="Content\shaders\GenMipsOddYSRGB.hlsl">
      <Filter>Content\shaders</Filter>
    </FxCompile>
    <FxCompile Include="Content\shaders\GenMipsOddXOddYSRGB.hlsl">
      <Filter>Content\shaders</Filter>
    </FxCompile>
    <FxCompile Include="Content\shaders\ModoDNVS.hlsl">
      <Filter>Content\shaders</Filter>
    </FxCompile>
    <FxCompile Include="Content\shaders\ModoDNPS.hlsl">
      <Filter>Content\shaders</Filter>
    </FxCompile>
    <FxCompile Include="Content\shaders\ModoDNMRPS.hlsl">
      <Filter>Content\shaders</Filter>
    </FxCompile>
    <FxCompile Include="Content\shaders\TangentGS.hlsl">
      <Filter>Content\shaders</Filter>
    </FxCompile>
    <FxCompile Include="Content\shaders\FSQuadViewPosVS.hlsl">
      <Filter>Content\shaders</Filter>
    </FxCompile>
    <FxCompile Include="Content\shaders\SSAOPS.hlsl">
      <Filter>Content\shaders</Filter>
    </FxCompile>
    <FxCompile Include="Content\shaders\Blur4x4R32.hlsl">
      <Filter>Content\shaders</Filter>
    </FxCompile>
  </ItemGroup>
</Project>