<?xml version="1.0" encoding="utf-8"?>
<Project ToolsVersion="4.0" xmlns="http://schemas.microsoft.com/developer/msbuild/2003">
  <ItemGroup>
    <Filter Include="Common">
      <UniqueIdentifier>2ec8955c-572f-47a1-9f45-d22b2c522ce3</UniqueIdentifier>
    </Filter>
    <Filter Include="Assets">
      <UniqueIdentifier>410173d4-e063-45fa-8b88-9ad53d3cda30</UniqueIdentifier>
      <Extensions>bmp;fbx;gif;jpg;jpeg;tga;tiff;tif;png</Extensions>
    </Filter>
    <Filter Include="Content">
      <UniqueIdentifier>42a2be88-3b4c-448d-90c6-9b5566d86cbb</UniqueIdentifier>
    </Filter>
    <ClInclude Include="Common\d3dx12.h">
      <Filter>Common</Filter>
    </ClInclude>
    <ClInclude Include="Common\DirectXHelper.h">
      <Filter>Common</Filter>
    </ClInclude>
    <ClInclude Include="Common\StepTimer.h">
      <Filter>Common</Filter>
    </ClInclude>
    <ClInclude Include="Common\DeviceResources.h">
      <Filter>Common</Filter>
    </ClInclude>
    <ClCompile Include="Common\DeviceResources.cpp">
      <Filter>Common</Filter>
    </ClCompile>
    <ClInclude Include="Content\ShaderStructures.h">
      <Filter>Content</Filter>
    </ClInclude>
    <Image Include="Assets\LockScreenLogo.scale-200.png">
      <Filter>Assets</Filter>
    </Image>
    <Image Include="Assets\SplashScreen.scale-200.png">
      <Filter>Assets</Filter>
    </Image>
    <Image Include="Assets\Square150x150Logo.scale-200.png">
      <Filter>Assets</Filter>
    </Image>
    <Image Include="Assets\Square44x44Logo.scale-200.png">
      <Filter>Assets</Filter>
    </Image>
    <Image Include="Assets\Square44x44Logo.targetsize-24_altform-unplated.png">
      <Filter>Assets</Filter>
    </Image>
    <Image Include="Assets\StoreLogo.png">
      <Filter>Assets</Filter>
    </Image>
    <Image Include="Assets\Wide310x150Logo.scale-200.png">
      <Filter>Assets</Filter>
    </Image>
    <Filter Include="cpp">
      <UniqueIdentifier>{19cfab6c-aa94-418a-91ab-7ed62f08ef47}</UniqueIdentifier>
    </Filter>
    <Filter Include="cpp\input">
      <UniqueIdentifier>{32913a34-0fc4-44f7-91ce-07b261ace278}</UniqueIdentifier>
    </Filter>
    <Filter Include="Content\shaders">
      <UniqueIdentifier>{ef3409c8-a7f0-4471-9cf2-7cd5cb530e12}</UniqueIdentifier>
    </Filter>
  </ItemGroup>
  <ItemGroup>
    <ClCompile Include="App.cpp" />
    <ClCompile Include="FireAndForget_v2Main.cpp" />
    <ClCompile Include="pch.cpp" />
    <ClCompile Include="..\source\cpp\Assets.cpp">
      <Filter>cpp</Filter>
    </ClCompile>
    <ClCompile Include="..\source\cpp\Camera.cpp">
      <Filter>cpp</Filter>
    </ClCompile>
    <ClCompile Include="..\source\cpp\Scene.cpp">
      <Filter>cpp</Filter>
    </ClCompile>
    <ClCompile Include="..\source\cpp\Sphere.cpp">
      <Filter>cpp</Filter>
    </ClCompile>
    <ClCompile Include="..\source\cpp\Timer.cpp">
      <Filter>cpp</Filter>
    </ClCompile>
    <ClCompile Include="..\source\cpp\input\Input.cpp">
      <Filter>cpp\input</Filter>
    </ClCompile>
    <ClCompile Include="Content\Renderer.cpp">
      <Filter>Content</Filter>
    </ClCompile>
    <ClCompile Include="Content\PipelineState.cpp">
      <Filter>Content</Filter>
    </ClCompile>
    <ClCompile Include="Content\BundleLoader.cpp">
      <Filter>Content</Filter>
    </ClCompile>
    <ClCompile Include="Content\DescriptorHeapAllocator.cpp">
      <Filter>Content</Filter>
    </ClCompile>
    <ClCompile Include="Content\CBFrameAlloc.cpp">
      <Filter>Content</Filter>
    </ClCompile>
    <ClCompile Include="Content\D3DHelpers.cpp">
      <Filter>Content</Filter>
    </ClCompile>
    <ClCompile Include="Content\DescriptorFrameAlloc.cpp">
      <Filter>Content</Filter>
    </ClCompile>
  </ItemGroup>
  <ItemGroup>
    <ClInclude Include="App.h" />
    <ClInclude Include="FireAndForget_v2Main.h" />
    <ClInclude Include="pch.h" />
    <ClInclude Include="..\source\cpp\Assets.hpp">
      <Filter>cpp</Filter>
    </ClInclude>
    <ClInclude Include="..\source\cpp\Camera.hpp">
      <Filter>cpp</Filter>
    </ClInclude>
    <ClInclude Include="..\source\cpp\MatrixUtils.h">
      <Filter>cpp</Filter>
    </ClInclude>
    <ClInclude Include="..\source\cpp\RendererWrapper.h">
      <Filter>cpp</Filter>
    </ClInclude>
    <ClInclude Include="..\source\cpp\Scene.hpp">
      <Filter>cpp</Filter>
    </ClInclude>
    <ClInclude Include="..\source\cpp\Sphere.hpp">
      <Filter>cpp</Filter>
    </ClInclude>
    <ClInclude Include="..\source\cpp\Timer.hpp">
      <Filter>cpp</Filter>
    </ClInclude>
    <ClInclude Include="..\source\cpp\input\Input.hpp">
      <Filter>cpp\input</Filter>
    </ClInclude>
    <ClInclude Include="Content\Renderer.h">
      <Filter>Content</Filter>
    </ClInclude>
    <ClInclude Include="Content\PipelineState.h">
      <Filter>Content</Filter>
    </ClInclude>
    <ClInclude Include="Content\BundleLoader.h">
      <Filter>Content</Filter>
    </ClInclude>
    <ClInclude Include="Content\DescriptorHeapAllocator.h">
      <Filter>Content</Filter>
    </ClInclude>
    <ClInclude Include="..\source\cpp\RendererTypes.h">
      <Filter>cpp</Filter>
    </ClInclude>
    <ClInclude Include="..\source\cpp\ShaderStructures.h">
      <Filter>cpp</Filter>
    </ClInclude>
    <ClInclude Include="..\source\cpp\CreateShaderParams.h">
      <Filter>cpp</Filter>
    </ClInclude>
    <ClInclude Include="..\source\cpp\Transform.h">
      <Filter>cpp</Filter>
    </ClInclude>
    <ClInclude Include="Content\shaders\Common.hlsli">
      <Filter>Content\shaders</Filter>
    </ClInclude>
    <ClInclude Include="..\source\cpp\ShaderStructs.h">
      <Filter>cpp</Filter>
    </ClInclude>
    <ClInclude Include="..\source\cpp\ShaderTypeAliases.h">
      <Filter>cpp</Filter>
    </ClInclude>
    <ClInclude Include="Content\shaders\Phong.hlsli">
      <Filter>Content\shaders</Filter>
    </ClInclude>
    <ClInclude Include="Content\CBFrameAlloc.h">
      <Filter>Content</Filter>
    </ClInclude>
    <ClInclude Include="Content\D3DHelpers.h">
      <Filter>Content</Filter>
    </ClInclude>
    <ClInclude Include="Content\DescriptorFrameAlloc.h">
      <Filter>Content</Filter>
    </ClInclude>
  </ItemGroup>
  <ItemGroup>
    <AppxManifest Include="Package.appxmanifest" />
  </ItemGroup>
  <ItemGroup>
    <None Include="FireAndForget.v2_TemporaryKey.pfx" />
    <None Include="..\source\assets\BEETHOVE_object.mesh">
      <Filter>Assets</Filter>
    </None>
    <None Include="..\source\assets\checkerboard.mesh">
      <Filter>Assets</Filter>
    </None>
    <None Include="..\source\assets\light.mesh">
      <Filter>Assets</Filter>
    </None>
    <None Include="..\source\assets\box.mesh">
      <Filter>Assets</Filter>
    </None>
    <None Include="..\source\assets\sphere.mesh">
      <Filter>Assets</Filter>
    </None>
  </ItemGroup>
  <ItemGroup>
    <Image Include="..\source\assets\checkerboard.tga">
      <Filter>Assets</Filter>
    </Image>
  </ItemGroup>
  <ItemGroup>
    <FxCompile Include="Content\shaders\SamplePixelShader.hlsl">
      <Filter>Content\shaders</Filter>
    </FxCompile>
    <FxCompile Include="Content\shaders\SampleVertexShader.hlsl">
      <Filter>Content\shaders</Filter>
    </FxCompile>
    <FxCompile Include="Content\shaders\PosPS.hlsl">
      <Filter>Content\shaders</Filter>
    </FxCompile>
    <FxCompile Include="Content\shaders\PosVS.hlsl">
      <Filter>Content\shaders</Filter>
    </FxCompile>
    <FxCompile Include="Content\shaders\TexPS.hlsl">
      <Filter>Content\shaders</Filter>
    </FxCompile>
    <FxCompile Include="Content\shaders\DebugPS.hlsl">
      <Filter>Content\shaders</Filter>
    </FxCompile>
    <FxCompile Include="Content\shaders\DebugVS.hlsl">
      <Filter>Content\shaders</Filter>
    </FxCompile>
    <FxCompile Include="Content\shaders\TexVS.hlsl">
      <Filter>Content\shaders</Filter>
    </FxCompile>
    <FxCompile Include="Content\shaders\DeferredPS.hlsl">
      <Filter>Content\shaders</Filter>
    </FxCompile>
    <FxCompile Include="Content\shaders\DeferredVS.hlsl">
      <Filter>Content\shaders</Filter>
    </FxCompile>
    <FxCompile Include="Content\shaders\DeferredRootSig.hlsl">
      <Filter>Content\shaders</Filter>
    </FxCompile>
    <FxCompile Include="Content\shaders\DeferredPBRVS.hlsl">
      <Filter>Content\shaders</Filter>
    </FxCompile>
    <FxCompile Include="Content\shaders\DeferredPBRPS.hlsl">
      <Filter>Content\shaders</Filter>
    </FxCompile>
  </ItemGroup>
</Project>