// !$*UTF8*$!
{
	archiveVersion = 1;
	classes = {
	};
	objectVersion = 46;
	objects = {

/* Begin PBXBuildFile section */
		BD0E83611FF010D9005A2F8A /* Pos.metal in Sources */ = {isa = PBXBuildFile; fileRef = BD0E835F1FF010D9005A2F8A /* Pos.metal */; };
		BD19CC4E1F13A962005781A5 /* Timer.cpp in Sources */ = {isa = PBXBuildFile; fileRef = BD19CC4C1F13A962005781A5 /* Timer.cpp */; };
		BD1B64252233E1BA00B7D806 /* PreFilterAndIntegrateBRDF.metal in Sources */ = {isa = PBXBuildFile; fileRef = BD1B64242233E1BA00B7D806 /* PreFilterAndIntegrateBRDF.metal */; };
		BD1DA545206FDABC004EF62A /* Debug.metal in Sources */ = {isa = PBXBuildFile; fileRef = BD1DA544206FDABC004EF62A /* Debug.metal */; };
		BD1DA54B20724065004EF62A /* box.mesh in Resources */ = {isa = PBXBuildFile; fileRef = BD1DA54920724064004EF62A /* box.mesh */; };
		BD1DA54C20724065004EF62A /* light.mesh in Resources */ = {isa = PBXBuildFile; fileRef = BD1DA54A20724064004EF62A /* light.mesh */; };
		BD25F9DF1ECD9B4200ACD738 /* Renderer.mm in Sources */ = {isa = PBXBuildFile; fileRef = BD25F9DE1ECD9B4200ACD738 /* Renderer.mm */; };
		BD28F6FE1F09753300B07CBD /* Input.cpp in Sources */ = {isa = PBXBuildFile; fileRef = BD28F6FC1F09753300B07CBD /* Input.cpp */; };
		BD28F7001F0A5E9B00B07CBD /* Shaders.mm in Sources */ = {isa = PBXBuildFile; fileRef = BD28F6FF1F0A5E9B00B07CBD /* Shaders.mm */; };
		BD2BB2A41EB4A9F600B82284 /* Sphere.cpp in Sources */ = {isa = PBXBuildFile; fileRef = BD2BB2A21EB4A9F600B82284 /* Sphere.cpp */; };
		BD2E31DA21D3CD900085F6DA /* textured_unit_cube.mesh in Resources */ = {isa = PBXBuildFile; fileRef = BD2E31D521D3CD900085F6DA /* textured_unit_cube.mesh */; };
		BD2E31DC21DA3D1F0085F6DA /* CubeEnvMap.metal in Sources */ = {isa = PBXBuildFile; fileRef = BD2E31DB21DA3D1F0085F6DA /* CubeEnvMap.metal */; };
		BD2E31DE21DA3DD20085F6DA /* VertexTypes.h.metal in Sources */ = {isa = PBXBuildFile; fileRef = BD2E31DD21DA3DD20085F6DA /* VertexTypes.h.metal */; };
		BD3D1AB01E895BFC00F7311A /* AppDelegate.m in Sources */ = {isa = PBXBuildFile; fileRef = BD3D1AAF1E895BFC00F7311A /* AppDelegate.m */; };
		BD3D1AB31E895BFC00F7311A /* main.m in Sources */ = {isa = PBXBuildFile; fileRef = BD3D1AB21E895BFC00F7311A /* main.m */; };
		BD3D1AB61E895BFC00F7311A /* ViewController.mm in Sources */ = {isa = PBXBuildFile; fileRef = BD3D1AB51E895BFC00F7311A /* ViewController.mm */; };
		BD3D1AB81E895BFC00F7311A /* Assets.xcassets in Resources */ = {isa = PBXBuildFile; fileRef = BD3D1AB71E895BFC00F7311A /* Assets.xcassets */; };
		BD3D1ABB1E895BFC00F7311A /* Main.storyboard in Resources */ = {isa = PBXBuildFile; fileRef = BD3D1AB91E895BFC00F7311A /* Main.storyboard */; };
		BD3D1ACA1E8A682D00F7311A /* Metal.framework in Frameworks */ = {isa = PBXBuildFile; fileRef = BD3D1AC91E8A682D00F7311A /* Metal.framework */; };
		BD3D1ACC1E8A684000F7311A /* QuartzCore.framework in Frameworks */ = {isa = PBXBuildFile; fileRef = BD3D1ACB1E8A684000F7311A /* QuartzCore.framework */; };
		BD3D1ACF1E8A689800F7311A /* MetalView.mm in Sources */ = {isa = PBXBuildFile; fileRef = BD3D1ACE1E8A689800F7311A /* MetalView.mm */; };
		BD45E01721CFA23800ABBD5B /* Serpentine_Valley_3k.hdr in Resources */ = {isa = PBXBuildFile; fileRef = BD45E01621CFA23800ABBD5B /* Serpentine_Valley_3k.hdr */; };
		BD4992F020DE64E1009DA76D /* PBR.metal in Sources */ = {isa = PBXBuildFile; fileRef = BD4992EF20DE64E1009DA76D /* PBR.metal */; };
		BD4992F320DE6C79009DA76D /* PBR.h.metal in Sources */ = {isa = PBXBuildFile; fileRef = BD4992F220DE6C79009DA76D /* PBR.h.metal */; };
		BD4992F520DE9B12009DA76D /* DeferredPBR.metal in Sources */ = {isa = PBXBuildFile; fileRef = BD4992F420DE9B12009DA76D /* DeferredPBR.metal */; };
		BD4992F720DFB351009DA76D /* sphere.mesh in Resources */ = {isa = PBXBuildFile; fileRef = BD4992F620DFB351009DA76D /* sphere.mesh */; };
		BD621881223E6DA800468779 /* FragInput.h.metal in Sources */ = {isa = PBXBuildFile; fileRef = BD621880223E6DA800468779 /* FragInput.h.metal */; };
		BD6A40E0208230A80027E1D7 /* Phong.metal in Sources */ = {isa = PBXBuildFile; fileRef = BD1DA547206FE61C004EF62A /* Phong.metal */; };
		BD6A40E2208230BA0027E1D7 /* Phong.h.metal in Sources */ = {isa = PBXBuildFile; fileRef = BD6A40DF20822FD80027E1D7 /* Phong.h.metal */; };
		BD6A4165208CD9780027E1D7 /* Deferred.metal in Sources */ = {isa = PBXBuildFile; fileRef = BD6A4164208CD9780027E1D7 /* Deferred.metal */; };
		BD6A4168208CE5D50027E1D7 /* Common.h.metal in Sources */ = {isa = PBXBuildFile; fileRef = BD6A4167208CE5D50027E1D7 /* Common.h.metal */; };
		BD6A416A208CE7DD0027E1D7 /* Common.metal in Sources */ = {isa = PBXBuildFile; fileRef = BD6A4169208CE7DD0027E1D7 /* Common.metal */; };
		BD72038C1EEC1A1800B2C914 /* libMeshLoader.a in Frameworks */ = {isa = PBXBuildFile; fileRef = BD72038B1EEC1A1800B2C914 /* libMeshLoader.a */; };
		BD7203921EEC1C5E00B2C914 /* Assets.cpp in Sources */ = {isa = PBXBuildFile; fileRef = BD7203901EEC1C5E00B2C914 /* Assets.cpp */; };
		BD7203941EEC1FDA00B2C914 /* BEETHOVE_object.mesh in Resources */ = {isa = PBXBuildFile; fileRef = BD7203931EEC1FDA00B2C914 /* BEETHOVE_object.mesh */; };
		BD7B0EDA1ECB544300B983E9 /* Scene.cpp in Sources */ = {isa = PBXBuildFile; fileRef = BD7B0ED81ECB544300B983E9 /* Scene.cpp */; };
		BD9FA6BE1F2E2CBE00978F61 /* checkerboard.mesh in Resources */ = {isa = PBXBuildFile; fileRef = BD9FA6BC1F2E2CBE00978F61 /* checkerboard.mesh */; };
		BD9FA6BF1F2E2CBE00978F61 /* checkerboard.tga in Resources */ = {isa = PBXBuildFile; fileRef = BD9FA6BD1F2E2CBE00978F61 /* checkerboard.tga */; };
		BD9FA6C21F31E8B100978F61 /* Camera.cpp in Sources */ = {isa = PBXBuildFile; fileRef = BD9FA6C01F31E8B100978F61 /* Camera.cpp */; };
		BDCD08EC21DE8B0D00F37C01 /* Alexs_Apt_2k.hdr in Resources */ = {isa = PBXBuildFile; fileRef = BDCD08E721DE8B0D00F37C01 /* Alexs_Apt_2k.hdr */; };
		BDCD08EE21E0CB9F00F37C01 /* Bg.metal in Sources */ = {isa = PBXBuildFile; fileRef = BDCD08ED21E0CB9F00F37C01 /* Bg.metal */; };
		BDE0F10B227DACC200CD85D9 /* random.png in Resources */ = {isa = PBXBuildFile; fileRef = BDE0F106227DACC200CD85D9 /* random.png */; };
		BDE7ECBA224FBF8F00BB9171 /* MetalPerformanceShaders.framework in Frameworks */ = {isa = PBXBuildFile; fileRef = BDE7ECB9224FBF8F00BB9171 /* MetalPerformanceShaders.framework */; };
		BDE7ECBC224FC8A300BB9171 /* Downsample_half.metal in Sources */ = {isa = PBXBuildFile; fileRef = BDE7ECBB224FC8A300BB9171 /* Downsample_half.metal */; };
		BDE816F52191B11C00B091F1 /* CBFrameAlloc.mm in Sources */ = {isa = PBXBuildFile; fileRef = BDE816F32191B11C00B091F1 /* CBFrameAlloc.mm */; };
		BDE817032191F8EB00B091F1 /* libmeshoptimizer.a in Frameworks */ = {isa = PBXBuildFile; fileRef = BDE817022191F8EB00B091F1 /* libmeshoptimizer.a */; };
		BDE817042192216F00B091F1 /* Tex.metal in Sources */ = {isa = PBXBuildFile; fileRef = BD0E83621FF010FA005A2F8A /* Tex.metal */; };
		E7325D7322EF6393007FDF43 /* ModoDNMR.metal in Sources */ = {isa = PBXBuildFile; fileRef = E7325D7222EF6393007FDF43 /* ModoDNMR.metal */; };
		E79B3F4D22EDD601008A34A7 /* rusted metal color.png in Resources */ = {isa = PBXBuildFile; fileRef = E79B3F4422EDD600008A34A7 /* rusted metal color.png */; };
		E79B3F4E22EDD601008A34A7 /* rusted metal normal.png in Resources */ = {isa = PBXBuildFile; fileRef = E79B3F4922EDD600008A34A7 /* rusted metal normal.png */; };
		E79B3F4F22EDD601008A34A7 /* test_torus.mesh in Resources */ = {isa = PBXBuildFile; fileRef = E79B3F4A22EDD600008A34A7 /* test_torus.mesh */; };
		E79B3F5022EDD601008A34A7 /* rusted metal metallic.png in Resources */ = {isa = PBXBuildFile; fileRef = E79B3F4B22EDD600008A34A7 /* rusted metal metallic.png */; };
		E79B3F5122EDD601008A34A7 /* rusted metal roughness.png in Resources */ = {isa = PBXBuildFile; fileRef = E79B3F4C22EDD600008A34A7 /* rusted metal roughness.png */; };
		E7AF512522F6042F00A98E6F /* checkerboard_modo.mesh in Resources */ = {isa = PBXBuildFile; fileRef = E7AF511C22F6042F00A98E6F /* checkerboard_modo.mesh */; };
		E7AF512622F6042F00A98E6F /* 7582-normal.png in Resources */ = {isa = PBXBuildFile; fileRef = E7AF512222F6042F00A98E6F /* 7582-normal.png */; };
		E7AF512722F6042F00A98E6F /* box_modo.mesh in Resources */ = {isa = PBXBuildFile; fileRef = E7AF512322F6042F00A98E6F /* box_modo.mesh */; };
		E7AF512822F6042F00A98E6F /* sphere_modo.mesh in Resources */ = {isa = PBXBuildFile; fileRef = E7AF512422F6042F00A98E6F /* sphere_modo.mesh */; };
		E7AF512B22F6048000A98E6F /* light_modo.mesh in Resources */ = {isa = PBXBuildFile; fileRef = E7AF512922F6048000A98E6F /* light_modo.mesh */; };
		E7AF512C22F6048000A98E6F /* textured_unit_cube_modo.mesh in Resources */ = {isa = PBXBuildFile; fileRef = E7AF512A22F6048000A98E6F /* textured_unit_cube_modo.mesh */; };
		E7AF512E22F6053300A98E6F /* ModoDN.metal in Sources */ = {isa = PBXBuildFile; fileRef = E7AF512D22F6053300A98E6F /* ModoDN.metal */; };
		E7E1BE7022EDDED3001E0DDD /* libModoMeshLoader.a in Frameworks */ = {isa = PBXBuildFile; fileRef = E79B3F6D22EDDDC9008A34A7 /* libModoMeshLoader.a */; };
/* End PBXBuildFile section */

/* Begin PBXContainerItemProxy section */
		BD33FCA91F35D5F100162D00 /* PBXContainerItemProxy */ = {
			isa = PBXContainerItemProxy;
			containerPortal = BD33FCA51F35D5F100162D00 /* MeshLoader.xcodeproj */;
			proxyType = 2;
			remoteGlobalIDString = BD7203511EEC0E0C00B2C914;
			remoteInfo = MeshLoader;
		};
		BDE817002191E8D800B091F1 /* PBXContainerItemProxy */ = {
			isa = PBXContainerItemProxy;
			containerPortal = BDE816FA2191E8D800B091F1 /* meshoptimizer.xcodeproj */;
			proxyType = 2;
			remoteGlobalIDString = E7B310C3B2CB4E618008E805;
			remoteInfo = meshoptimizer;
		};
		E79B3F6C22EDDDC9008A34A7 /* PBXContainerItemProxy */ = {
			isa = PBXContainerItemProxy;
			containerPortal = E79B3F6822EDDDC8008A34A7 /* ModoMeshLoader.xcodeproj */;
			proxyType = 2;
			remoteGlobalIDString = E79B3F5B22EDDB63008A34A7;
			remoteInfo = ModoMeshLoader;
		};
/* End PBXContainerItemProxy section */

/* Begin PBXFileReference section */
		BD0E83521FEFF7D8005A2F8A /* ShaderStructures.h */ = {isa = PBXFileReference; fileEncoding = 4; lastKnownFileType = sourcecode.c.h; name = ShaderStructures.h; path = cpp/ShaderStructures.h; sourceTree = "<group>"; };
		BD0E83531FEFF7D8005A2F8A /* RendererTypes.h */ = {isa = PBXFileReference; fileEncoding = 4; lastKnownFileType = sourcecode.c.h; name = RendererTypes.h; path = cpp/RendererTypes.h; sourceTree = "<group>"; };
		BD0E83541FEFF7D8005A2F8A /* CreateShaderParams.h */ = {isa = PBXFileReference; fileEncoding = 4; lastKnownFileType = sourcecode.c.h; name = CreateShaderParams.h; path = cpp/CreateShaderParams.h; sourceTree = "<group>"; };
		BD0E835F1FF010D9005A2F8A /* Pos.metal */ = {isa = PBXFileReference; fileEncoding = 4; lastKnownFileType = sourcecode.metal; name = Pos.metal; path = shaders/Pos.metal; sourceTree = "<group>"; };
		BD0E83621FF010FA005A2F8A /* Tex.metal */ = {isa = PBXFileReference; lastKnownFileType = sourcecode.metal; name = Tex.metal; path = shaders/Tex.metal; sourceTree = "<group>"; };
		BD19CC4C1F13A962005781A5 /* Timer.cpp */ = {isa = PBXFileReference; fileEncoding = 4; lastKnownFileType = sourcecode.cpp.cpp; name = Timer.cpp; path = cpp/Timer.cpp; sourceTree = "<group>"; };
		BD19CC4D1F13A962005781A5 /* Timer.hpp */ = {isa = PBXFileReference; fileEncoding = 4; lastKnownFileType = sourcecode.cpp.h; name = Timer.hpp; path = cpp/Timer.hpp; sourceTree = "<group>"; };
		BD1B64242233E1BA00B7D806 /* PreFilterAndIntegrateBRDF.metal */ = {isa = PBXFileReference; lastKnownFileType = sourcecode.metal; name = PreFilterAndIntegrateBRDF.metal; path = shaders/PreFilterAndIntegrateBRDF.metal; sourceTree = "<group>"; };
		BD1C01301EA4F7A80035CD53 /* MetalViewDelegate.h */ = {isa = PBXFileReference; lastKnownFileType = sourcecode.c.h; path = MetalViewDelegate.h; sourceTree = "<group>"; };
		BD1DA544206FDABC004EF62A /* Debug.metal */ = {isa = PBXFileReference; lastKnownFileType = sourcecode.metal; name = Debug.metal; path = shaders/Debug.metal; sourceTree = "<group>"; };
		BD1DA547206FE61C004EF62A /* Phong.metal */ = {isa = PBXFileReference; fileEncoding = 4; lastKnownFileType = sourcecode.metal; name = Phong.metal; path = shaders/Phong.metal; sourceTree = "<group>"; };
		BD1DA54920724064004EF62A /* box.mesh */ = {isa = PBXFileReference; lastKnownFileType = file; name = box.mesh; path = assets/box.mesh; sourceTree = "<group>"; };
		BD1DA54A20724064004EF62A /* light.mesh */ = {isa = PBXFileReference; lastKnownFileType = file; name = light.mesh; path = assets/light.mesh; sourceTree = "<group>"; };
		BD25F9DE1ECD9B4200ACD738 /* Renderer.mm */ = {isa = PBXFileReference; fileEncoding = 4; lastKnownFileType = sourcecode.cpp.objcpp; path = Renderer.mm; sourceTree = "<group>"; };
		BD25F9E01ECD9B5C00ACD738 /* Renderer.h */ = {isa = PBXFileReference; lastKnownFileType = sourcecode.c.h; path = Renderer.h; sourceTree = "<group>"; };
		BD25F9E41ECDEB4E00ACD738 /* RendererWrapper.h */ = {isa = PBXFileReference; fileEncoding = 4; lastKnownFileType = sourcecode.c.h; name = RendererWrapper.h; path = cpp/RendererWrapper.h; sourceTree = "<group>"; };
		BD28F6FC1F09753300B07CBD /* Input.cpp */ = {isa = PBXFileReference; fileEncoding = 4; lastKnownFileType = sourcecode.cpp.cpp; name = Input.cpp; path = cpp/input/Input.cpp; sourceTree = "<group>"; };
		BD28F6FD1F09753300B07CBD /* Input.hpp */ = {isa = PBXFileReference; fileEncoding = 4; lastKnownFileType = sourcecode.cpp.h; name = Input.hpp; path = cpp/input/Input.hpp; sourceTree = "<group>"; };
		BD28F6FF1F0A5E9B00B07CBD /* Shaders.mm */ = {isa = PBXFileReference; fileEncoding = 4; lastKnownFileType = sourcecode.cpp.objcpp; path = Shaders.mm; sourceTree = "<group>"; };
		BD28F7011F0A5F5100B07CBD /* Shaders.h */ = {isa = PBXFileReference; lastKnownFileType = sourcecode.c.h; path = Shaders.h; sourceTree = "<group>"; };
		BD2BB2A21EB4A9F600B82284 /* Sphere.cpp */ = {isa = PBXFileReference; fileEncoding = 4; lastKnownFileType = sourcecode.cpp.cpp; name = Sphere.cpp; path = cpp/Sphere.cpp; sourceTree = "<group>"; };
		BD2BB2A31EB4A9F600B82284 /* Sphere.hpp */ = {isa = PBXFileReference; fileEncoding = 4; lastKnownFileType = sourcecode.cpp.h; name = Sphere.hpp; path = cpp/Sphere.hpp; sourceTree = "<group>"; };
		BD2E31D521D3CD900085F6DA /* textured_unit_cube.mesh */ = {isa = PBXFileReference; lastKnownFileType = file; name = textured_unit_cube.mesh; path = assets/textured_unit_cube.mesh; sourceTree = "<group>"; };
		BD2E31DB21DA3D1F0085F6DA /* CubeEnvMap.metal */ = {isa = PBXFileReference; lastKnownFileType = sourcecode.metal; name = CubeEnvMap.metal; path = shaders/CubeEnvMap.metal; sourceTree = "<group>"; };
		BD2E31DD21DA3DD20085F6DA /* VertexTypes.h.metal */ = {isa = PBXFileReference; lastKnownFileType = sourcecode.metal; name = VertexTypes.h.metal; path = shaders/VertexTypes.h.metal; sourceTree = "<group>"; };
		BD33FCA51F35D5F100162D00 /* MeshLoader.xcodeproj */ = {isa = PBXFileReference; lastKnownFileType = "wrapper.pb-project"; name = MeshLoader.xcodeproj; path = ../MeshLoader/MeshLoader/MeshLoader.xcodeproj; sourceTree = "<group>"; };
		BD33FCAE1F35E4E800162D00 /* MatrixUtils.h */ = {isa = PBXFileReference; fileEncoding = 4; lastKnownFileType = sourcecode.c.h; name = MatrixUtils.h; path = cpp/MatrixUtils.h; sourceTree = "<group>"; };
		BD3D1AAB1E895BFB00F7311A /* FireAndForget.v2.app */ = {isa = PBXFileReference; explicitFileType = wrapper.application; includeInIndex = 0; path = FireAndForget.v2.app; sourceTree = BUILT_PRODUCTS_DIR; };
		BD3D1AAE1E895BFB00F7311A /* AppDelegate.h */ = {isa = PBXFileReference; lastKnownFileType = sourcecode.c.h; path = AppDelegate.h; sourceTree = "<group>"; };
		BD3D1AAF1E895BFC00F7311A /* AppDelegate.m */ = {isa = PBXFileReference; lastKnownFileType = sourcecode.c.objc; path = AppDelegate.m; sourceTree = "<group>"; };
		BD3D1AB21E895BFC00F7311A /* main.m */ = {isa = PBXFileReference; lastKnownFileType = sourcecode.c.objc; path = main.m; sourceTree = "<group>"; };
		BD3D1AB41E895BFC00F7311A /* ViewController.h */ = {isa = PBXFileReference; lastKnownFileType = sourcecode.c.h; path = ViewController.h; sourceTree = "<group>"; };
		BD3D1AB51E895BFC00F7311A /* ViewController.mm */ = {isa = PBXFileReference; lastKnownFileType = sourcecode.cpp.objcpp; path = ViewController.mm; sourceTree = "<group>"; };
		BD3D1AB71E895BFC00F7311A /* Assets.xcassets */ = {isa = PBXFileReference; lastKnownFileType = folder.assetcatalog; path = Assets.xcassets; sourceTree = "<group>"; };
		BD3D1ABA1E895BFC00F7311A /* Base */ = {isa = PBXFileReference; lastKnownFileType = file.storyboard; name = Base; path = Base.lproj/Main.storyboard; sourceTree = "<group>"; };
		BD3D1ABC1E895BFC00F7311A /* Info.plist */ = {isa = PBXFileReference; lastKnownFileType = text.plist.xml; path = Info.plist; sourceTree = "<group>"; };
		BD3D1AC91E8A682D00F7311A /* Metal.framework */ = {isa = PBXFileReference; lastKnownFileType = wrapper.framework; name = Metal.framework; path = System/Library/Frameworks/Metal.framework; sourceTree = SDKROOT; };
		BD3D1ACB1E8A684000F7311A /* QuartzCore.framework */ = {isa = PBXFileReference; lastKnownFileType = wrapper.framework; name = QuartzCore.framework; path = System/Library/Frameworks/QuartzCore.framework; sourceTree = SDKROOT; };
		BD3D1ACD1E8A689800F7311A /* MetalView.h */ = {isa = PBXFileReference; fileEncoding = 4; lastKnownFileType = sourcecode.c.h; path = MetalView.h; sourceTree = "<group>"; };
		BD3D1ACE1E8A689800F7311A /* MetalView.mm */ = {isa = PBXFileReference; fileEncoding = 4; lastKnownFileType = sourcecode.cpp.objcpp; path = MetalView.mm; sourceTree = "<group>"; };
		BD45E01621CFA23800ABBD5B /* Serpentine_Valley_3k.hdr */ = {isa = PBXFileReference; lastKnownFileType = file; name = Serpentine_Valley_3k.hdr; path = assets/Serpentine_Valley_3k.hdr; sourceTree = "<group>"; };
		BD4992EF20DE64E1009DA76D /* PBR.metal */ = {isa = PBXFileReference; lastKnownFileType = sourcecode.metal; name = PBR.metal; path = shaders/PBR.metal; sourceTree = "<group>"; };
		BD4992F220DE6C79009DA76D /* PBR.h.metal */ = {isa = PBXFileReference; lastKnownFileType = sourcecode.metal; name = PBR.h.metal; path = shaders/PBR.h.metal; sourceTree = "<group>"; };
		BD4992F420DE9B12009DA76D /* DeferredPBR.metal */ = {isa = PBXFileReference; lastKnownFileType = sourcecode.metal; name = DeferredPBR.metal; path = shaders/DeferredPBR.metal; sourceTree = "<group>"; };
		BD4992F620DFB351009DA76D /* sphere.mesh */ = {isa = PBXFileReference; lastKnownFileType = file; name = sphere.mesh; path = assets/sphere.mesh; sourceTree = "<group>"; };
		BD621880223E6DA800468779 /* FragInput.h.metal */ = {isa = PBXFileReference; lastKnownFileType = sourcecode.metal; name = FragInput.h.metal; path = shaders/FragInput.h.metal; sourceTree = "<group>"; };
		BD6A40DF20822FD80027E1D7 /* Phong.h.metal */ = {isa = PBXFileReference; lastKnownFileType = sourcecode.metal; name = Phong.h.metal; path = shaders/Phong.h.metal; sourceTree = "<group>"; };
		BD6A4164208CD9780027E1D7 /* Deferred.metal */ = {isa = PBXFileReference; lastKnownFileType = sourcecode.metal; name = Deferred.metal; path = shaders/Deferred.metal; sourceTree = "<group>"; };
		BD6A4167208CE5D50027E1D7 /* Common.h.metal */ = {isa = PBXFileReference; lastKnownFileType = sourcecode.metal; name = Common.h.metal; path = shaders/Common.h.metal; sourceTree = "<group>"; };
		BD6A4169208CE7DD0027E1D7 /* Common.metal */ = {isa = PBXFileReference; lastKnownFileType = sourcecode.metal; name = Common.metal; path = shaders/Common.metal; sourceTree = "<group>"; };
		BD72038B1EEC1A1800B2C914 /* libMeshLoader.a */ = {isa = PBXFileReference; lastKnownFileType = archive.ar; name = libMeshLoader.a; path = ../../MeshLoader/MeshLoader/build/Debug/libMeshLoader.a; sourceTree = "<group>"; };
		BD7203901EEC1C5E00B2C914 /* Assets.cpp */ = {isa = PBXFileReference; fileEncoding = 4; lastKnownFileType = sourcecode.cpp.cpp; name = Assets.cpp; path = cpp/Assets.cpp; sourceTree = "<group>"; };
		BD7203911EEC1C5E00B2C914 /* Assets.hpp */ = {isa = PBXFileReference; fileEncoding = 4; lastKnownFileType = sourcecode.cpp.h; name = Assets.hpp; path = cpp/Assets.hpp; sourceTree = "<group>"; };
		BD7203931EEC1FDA00B2C914 /* BEETHOVE_object.mesh */ = {isa = PBXFileReference; lastKnownFileType = file; name = BEETHOVE_object.mesh; path = assets/BEETHOVE_object.mesh; sourceTree = "<group>"; };
		BD7B0ED81ECB544300B983E9 /* Scene.cpp */ = {isa = PBXFileReference; fileEncoding = 4; lastKnownFileType = sourcecode.cpp.cpp; name = Scene.cpp; path = cpp/Scene.cpp; sourceTree = "<group>"; };
		BD7B0ED91ECB544300B983E9 /* Scene.hpp */ = {isa = PBXFileReference; fileEncoding = 4; lastKnownFileType = sourcecode.cpp.h; name = Scene.hpp; path = cpp/Scene.hpp; sourceTree = "<group>"; };
		BD9FA6BC1F2E2CBE00978F61 /* checkerboard.mesh */ = {isa = PBXFileReference; lastKnownFileType = file; name = checkerboard.mesh; path = assets/checkerboard.mesh; sourceTree = "<group>"; };
		BD9FA6BD1F2E2CBE00978F61 /* checkerboard.tga */ = {isa = PBXFileReference; lastKnownFileType = file; name = checkerboard.tga; path = assets/checkerboard.tga; sourceTree = "<group>"; };
		BD9FA6C01F31E8B100978F61 /* Camera.cpp */ = {isa = PBXFileReference; fileEncoding = 4; lastKnownFileType = sourcecode.cpp.cpp; name = Camera.cpp; path = cpp/Camera.cpp; sourceTree = "<group>"; };
		BD9FA6C11F31E8B100978F61 /* Camera.hpp */ = {isa = PBXFileReference; fileEncoding = 4; lastKnownFileType = sourcecode.cpp.h; name = Camera.hpp; path = cpp/Camera.hpp; sourceTree = "<group>"; };
		BDC40B872078E99800A550BE /* BufferUtils.h */ = {isa = PBXFileReference; lastKnownFileType = sourcecode.c.h; name = BufferUtils.h; path = cpp/BufferUtils.h; sourceTree = "<group>"; };
		BDCD08E721DE8B0D00F37C01 /* Alexs_Apt_2k.hdr */ = {isa = PBXFileReference; fileEncoding = 4; lastKnownFileType = text; name = Alexs_Apt_2k.hdr; path = assets/Alexs_Apt_2k.hdr; sourceTree = "<group>"; };
		BDCD08ED21E0CB9F00F37C01 /* Bg.metal */ = {isa = PBXFileReference; lastKnownFileType = sourcecode.metal; name = Bg.metal; path = shaders/Bg.metal; sourceTree = "<group>"; };
		BDCD08EF21E10F2400F37C01 /* VertexTypes.h */ = {isa = PBXFileReference; lastKnownFileType = sourcecode.c.h; name = VertexTypes.h; path = cpp/VertexTypes.h; sourceTree = "<group>"; };
		BDE0F106227DACC200CD85D9 /* random.png */ = {isa = PBXFileReference; lastKnownFileType = image.png; name = random.png; path = assets/random.png; sourceTree = "<group>"; };
		BDE7ECB4224FBBE700BB9171 /* VertexTypeAliases.h */ = {isa = PBXFileReference; lastKnownFileType = sourcecode.c.h; name = VertexTypeAliases.h; path = cpp/VertexTypeAliases.h; sourceTree = "<group>"; };
		BDE7ECB9224FBF8F00BB9171 /* MetalPerformanceShaders.framework */ = {isa = PBXFileReference; lastKnownFileType = wrapper.framework; name = MetalPerformanceShaders.framework; path = System/Library/Frameworks/MetalPerformanceShaders.framework; sourceTree = SDKROOT; };
		BDE7ECBB224FC8A300BB9171 /* Downsample_half.metal */ = {isa = PBXFileReference; lastKnownFileType = sourcecode.metal; name = Downsample_half.metal; path = shaders/Downsample_half.metal; sourceTree = "<group>"; };
		BDE816F32191B11C00B091F1 /* CBFrameAlloc.mm */ = {isa = PBXFileReference; lastKnownFileType = sourcecode.cpp.objcpp; path = CBFrameAlloc.mm; sourceTree = "<group>"; };
		BDE816F42191B11C00B091F1 /* CBFrameAlloc.hpp */ = {isa = PBXFileReference; lastKnownFileType = sourcecode.cpp.h; path = CBFrameAlloc.hpp; sourceTree = "<group>"; };
		BDE816F72191BDF900B091F1 /* Transform.h */ = {isa = PBXFileReference; fileEncoding = 4; lastKnownFileType = sourcecode.c.h; name = Transform.h; path = cpp/Transform.h; sourceTree = "<group>"; };
		BDE816F82191BDF900B091F1 /* ShaderStructs.h */ = {isa = PBXFileReference; fileEncoding = 4; lastKnownFileType = sourcecode.c.h; name = ShaderStructs.h; path = cpp/ShaderStructs.h; sourceTree = "<group>"; };
		BDE816F92191BDF900B091F1 /* ShaderTypeAliases.h */ = {isa = PBXFileReference; fileEncoding = 4; lastKnownFileType = sourcecode.c.h; name = ShaderTypeAliases.h; path = cpp/ShaderTypeAliases.h; sourceTree = "<group>"; };
		BDE816FA2191E8D800B091F1 /* meshoptimizer.xcodeproj */ = {isa = PBXFileReference; lastKnownFileType = "wrapper.pb-project"; name = meshoptimizer.xcodeproj; path = ../3rdparty/meshoptimizer/meshoptimizer.xcodeproj; sourceTree = "<group>"; };
		BDE817022191F8EB00B091F1 /* libmeshoptimizer.a */ = {isa = PBXFileReference; lastKnownFileType = archive.ar; name = libmeshoptimizer.a; path = ../3rdparty/meshoptimizer/Debug/libmeshoptimizer.a; sourceTree = "<group>"; };
		E72D361122EDFD0B00B373EF /* DeferredBindings.h */ = {isa = PBXFileReference; fileEncoding = 4; lastKnownFileType = sourcecode.c.h; name = DeferredBindings.h; path = cpp/DeferredBindings.h; sourceTree = "<group>"; };
		E72D361722EDFD0B00B373EF /* Mesh.h */ = {isa = PBXFileReference; fileEncoding = 4; lastKnownFileType = sourcecode.c.h; name = Mesh.h; path = cpp/Mesh.h; sourceTree = "<group>"; };
		E72D361822EDFD4900B373EF /* ModoMesh.h */ = {isa = PBXFileReference; lastKnownFileType = sourcecode.c.h; name = ModoMesh.h; path = cpp/ModoMesh.h; sourceTree = "<group>"; };
		E7325D7222EF6393007FDF43 /* ModoDNMR.metal */ = {isa = PBXFileReference; lastKnownFileType = sourcecode.metal; name = ModoDNMR.metal; path = shaders/ModoDNMR.metal; sourceTree = "<group>"; };
		E79B3F4422EDD600008A34A7 /* rusted metal color.png */ = {isa = PBXFileReference; lastKnownFileType = image.png; name = "rusted metal color.png"; path = "assets/rusted metal color.png"; sourceTree = "<group>"; };
		E79B3F4922EDD600008A34A7 /* rusted metal normal.png */ = {isa = PBXFileReference; lastKnownFileType = image.png; name = "rusted metal normal.png"; path = "assets/rusted metal normal.png"; sourceTree = "<group>"; };
		E79B3F4A22EDD600008A34A7 /* test_torus.mesh */ = {isa = PBXFileReference; lastKnownFileType = file; name = test_torus.mesh; path = assets/test_torus.mesh; sourceTree = "<group>"; };
		E79B3F4B22EDD600008A34A7 /* rusted metal metallic.png */ = {isa = PBXFileReference; lastKnownFileType = image.png; name = "rusted metal metallic.png"; path = "assets/rusted metal metallic.png"; sourceTree = "<group>"; };
		E79B3F4C22EDD600008A34A7 /* rusted metal roughness.png */ = {isa = PBXFileReference; lastKnownFileType = image.png; name = "rusted metal roughness.png"; path = "assets/rusted metal roughness.png"; sourceTree = "<group>"; };
		E79B3F6822EDDDC8008A34A7 /* ModoMeshLoader.xcodeproj */ = {isa = PBXFileReference; lastKnownFileType = "wrapper.pb-project"; name = ModoMeshLoader.xcodeproj; path = ../ModoMeshLoader/ModoMeshLoader.xcodeproj; sourceTree = "<group>"; };
		E7AF511C22F6042F00A98E6F /* checkerboard_modo.mesh */ = {isa = PBXFileReference; lastKnownFileType = file; name = checkerboard_modo.mesh; path = assets/checkerboard_modo.mesh; sourceTree = "<group>"; };
		E7AF512222F6042F00A98E6F /* 7582-normal.png */ = {isa = PBXFileReference; lastKnownFileType = image.png; name = "7582-normal.png"; path = "assets/7582-normal.png"; sourceTree = "<group>"; };
		E7AF512322F6042F00A98E6F /* box_modo.mesh */ = {isa = PBXFileReference; lastKnownFileType = file; name = box_modo.mesh; path = assets/box_modo.mesh; sourceTree = "<group>"; };
		E7AF512422F6042F00A98E6F /* sphere_modo.mesh */ = {isa = PBXFileReference; lastKnownFileType = file; name = sphere_modo.mesh; path = assets/sphere_modo.mesh; sourceTree = "<group>"; };
		E7AF512922F6048000A98E6F /* light_modo.mesh */ = {isa = PBXFileReference; lastKnownFileType = file; name = light_modo.mesh; path = assets/light_modo.mesh; sourceTree = "<group>"; };
		E7AF512A22F6048000A98E6F /* textured_unit_cube_modo.mesh */ = {isa = PBXFileReference; lastKnownFileType = file; name = textured_unit_cube_modo.mesh; path = assets/textured_unit_cube_modo.mesh; sourceTree = "<group>"; };
		E7AF512D22F6053300A98E6F /* ModoDN.metal */ = {isa = PBXFileReference; lastKnownFileType = sourcecode.metal; name = ModoDN.metal; path = shaders/ModoDN.metal; sourceTree = "<group>"; };
/* End PBXFileReference section */

/* Begin PBXFrameworksBuildPhase section */
		BD3D1AA81E895BFB00F7311A /* Frameworks */ = {
			isa = PBXFrameworksBuildPhase;
			buildActionMask = 2147483647;
			files = (
				E7E1BE7022EDDED3001E0DDD /* libModoMeshLoader.a in Frameworks */,
				BDE7ECBA224FBF8F00BB9171 /* MetalPerformanceShaders.framework in Frameworks */,
				BDE817032191F8EB00B091F1 /* libmeshoptimizer.a in Frameworks */,
				BD72038C1EEC1A1800B2C914 /* libMeshLoader.a in Frameworks */,
				BD3D1ACC1E8A684000F7311A /* QuartzCore.framework in Frameworks */,
				BD3D1ACA1E8A682D00F7311A /* Metal.framework in Frameworks */,
			);
			runOnlyForDeploymentPostprocessing = 0;
		};
/* End PBXFrameworksBuildPhase section */

/* Begin PBXGroup section */
		BD0E835D1FF00F21005A2F8A /* shaders */ = {
			isa = PBXGroup;
			children = (
				BD1DA547206FE61C004EF62A /* Phong.metal */,
				BD0E835F1FF010D9005A2F8A /* Pos.metal */,
				BD0E83621FF010FA005A2F8A /* Tex.metal */,
				BD1DA544206FDABC004EF62A /* Debug.metal */,
				BD6A40DF20822FD80027E1D7 /* Phong.h.metal */,
				BD6A4164208CD9780027E1D7 /* Deferred.metal */,
				BD4992F420DE9B12009DA76D /* DeferredPBR.metal */,
				BD6A4167208CE5D50027E1D7 /* Common.h.metal */,
				BD6A4169208CE7DD0027E1D7 /* Common.metal */,
				BD4992EF20DE64E1009DA76D /* PBR.metal */,
				BD4992F220DE6C79009DA76D /* PBR.h.metal */,
				BD2E31DB21DA3D1F0085F6DA /* CubeEnvMap.metal */,
				BD2E31DD21DA3DD20085F6DA /* VertexTypes.h.metal */,
				BDCD08ED21E0CB9F00F37C01 /* Bg.metal */,
				BD1B64242233E1BA00B7D806 /* PreFilterAndIntegrateBRDF.metal */,
				BD621880223E6DA800468779 /* FragInput.h.metal */,
				BDE7ECBB224FC8A300BB9171 /* Downsample_half.metal */,
				E7325D7222EF6393007FDF43 /* ModoDNMR.metal */,
				E7AF512D22F6053300A98E6F /* ModoDN.metal */,
			);
			name = shaders;
			sourceTree = "<group>";
		};
		BD28F6F81F0974D800B07CBD /* input */ = {
			isa = PBXGroup;
			children = (
				BD28F6FC1F09753300B07CBD /* Input.cpp */,
				BD28F6FD1F09753300B07CBD /* Input.hpp */,
			);
			name = input;
			sourceTree = "<group>";
		};
		BD2BB2A11EB4A8CB00B82284 /* cpp */ = {
			isa = PBXGroup;
			children = (
				E72D361122EDFD0B00B373EF /* DeferredBindings.h */,
				E72D361722EDFD0B00B373EF /* Mesh.h */,
				BDE816F82191BDF900B091F1 /* ShaderStructs.h */,
				BDE816F92191BDF900B091F1 /* ShaderTypeAliases.h */,
				BDE816F72191BDF900B091F1 /* Transform.h */,
				BD0E83541FEFF7D8005A2F8A /* CreateShaderParams.h */,
				BD0E83531FEFF7D8005A2F8A /* RendererTypes.h */,
				BD0E83521FEFF7D8005A2F8A /* ShaderStructures.h */,
				BD9FA6C01F31E8B100978F61 /* Camera.cpp */,
				BD9FA6C11F31E8B100978F61 /* Camera.hpp */,
				BD28F6F81F0974D800B07CBD /* input */,
				BD25F9E41ECDEB4E00ACD738 /* RendererWrapper.h */,
				BD2BB2A21EB4A9F600B82284 /* Sphere.cpp */,
				BD2BB2A31EB4A9F600B82284 /* Sphere.hpp */,
				BD7B0ED81ECB544300B983E9 /* Scene.cpp */,
				BD7B0ED91ECB544300B983E9 /* Scene.hpp */,
				BD7203901EEC1C5E00B2C914 /* Assets.cpp */,
				BD7203911EEC1C5E00B2C914 /* Assets.hpp */,
				BD19CC4C1F13A962005781A5 /* Timer.cpp */,
				BD19CC4D1F13A962005781A5 /* Timer.hpp */,
				BD33FCAE1F35E4E800162D00 /* MatrixUtils.h */,
				BDC40B872078E99800A550BE /* BufferUtils.h */,
				BDCD08EF21E10F2400F37C01 /* VertexTypes.h */,
				BDE7ECB4224FBBE700BB9171 /* VertexTypeAliases.h */,
				E72D361822EDFD4900B373EF /* ModoMesh.h */,
			);
			name = cpp;
			sourceTree = "<group>";
		};
		BD33FCA61F35D5F100162D00 /* Products */ = {
			isa = PBXGroup;
			children = (
				BD33FCAA1F35D5F100162D00 /* libMeshLoader.a */,
			);
			name = Products;
			sourceTree = "<group>";
		};
		BD3D1AA21E895BFB00F7311A = {
			isa = PBXGroup;
			children = (
				E79B3F6822EDDDC8008A34A7 /* ModoMeshLoader.xcodeproj */,
				BDE816FA2191E8D800B091F1 /* meshoptimizer.xcodeproj */,
				BD33FCA51F35D5F100162D00 /* MeshLoader.xcodeproj */,
				BD3D1AAD1E895BFB00F7311A /* source */,
				BD3D1AAC1E895BFB00F7311A /* Products */,
				BD3D1AC81E8A682D00F7311A /* Frameworks */,
			);
			sourceTree = "<group>";
		};
		BD3D1AAC1E895BFB00F7311A /* Products */ = {
			isa = PBXGroup;
			children = (
				BD3D1AAB1E895BFB00F7311A /* FireAndForget.v2.app */,
			);
			name = Products;
			sourceTree = "<group>";
		};
		BD3D1AAD1E895BFB00F7311A /* source */ = {
			isa = PBXGroup;
			children = (
				BD0E835D1FF00F21005A2F8A /* shaders */,
				BD72038D1EEC1A7400B2C914 /* assets */,
				BD2BB2A11EB4A8CB00B82284 /* cpp */,
				BD3D1ACD1E8A689800F7311A /* MetalView.h */,
				BD3D1ACE1E8A689800F7311A /* MetalView.mm */,
				BD3D1AAE1E895BFB00F7311A /* AppDelegate.h */,
				BD3D1AAF1E895BFC00F7311A /* AppDelegate.m */,
				BD3D1AB41E895BFC00F7311A /* ViewController.h */,
				BD3D1AB51E895BFC00F7311A /* ViewController.mm */,
				BD3D1AB71E895BFC00F7311A /* Assets.xcassets */,
				BD3D1AB91E895BFC00F7311A /* Main.storyboard */,
				BD3D1ABC1E895BFC00F7311A /* Info.plist */,
				BD3D1AB11E895BFC00F7311A /* Supporting Files */,
				BD1C01301EA4F7A80035CD53 /* MetalViewDelegate.h */,
				BD25F9DE1ECD9B4200ACD738 /* Renderer.mm */,
				BD25F9E01ECD9B5C00ACD738 /* Renderer.h */,
				BD28F6FF1F0A5E9B00B07CBD /* Shaders.mm */,
				BD28F7011F0A5F5100B07CBD /* Shaders.h */,
				BDE816F32191B11C00B091F1 /* CBFrameAlloc.mm */,
				BDE816F42191B11C00B091F1 /* CBFrameAlloc.hpp */,
			);
			path = source;
			sourceTree = "<group>";
		};
		BD3D1AB11E895BFC00F7311A /* Supporting Files */ = {
			isa = PBXGroup;
			children = (
				BD3D1AB21E895BFC00F7311A /* main.m */,
			);
			name = "Supporting Files";
			sourceTree = "<group>";
		};
		BD3D1AC81E8A682D00F7311A /* Frameworks */ = {
			isa = PBXGroup;
			children = (
				BDE7ECB9224FBF8F00BB9171 /* MetalPerformanceShaders.framework */,
				BD72038B1EEC1A1800B2C914 /* libMeshLoader.a */,
				BDE817022191F8EB00B091F1 /* libmeshoptimizer.a */,
				BD3D1ACB1E8A684000F7311A /* QuartzCore.framework */,
				BD3D1AC91E8A682D00F7311A /* Metal.framework */,
			);
			name = Frameworks;
			sourceTree = "<group>";
		};
		BD72038D1EEC1A7400B2C914 /* assets */ = {
			isa = PBXGroup;
			children = (
				E7AF512922F6048000A98E6F /* light_modo.mesh */,
				E7AF512A22F6048000A98E6F /* textured_unit_cube_modo.mesh */,
				E7AF512222F6042F00A98E6F /* 7582-normal.png */,
				E7AF512322F6042F00A98E6F /* box_modo.mesh */,
				E7AF511C22F6042F00A98E6F /* checkerboard_modo.mesh */,
				E7AF512422F6042F00A98E6F /* sphere_modo.mesh */,
				E79B3F4422EDD600008A34A7 /* rusted metal color.png */,
				E79B3F4B22EDD600008A34A7 /* rusted metal metallic.png */,
				E79B3F4922EDD600008A34A7 /* rusted metal normal.png */,
				E79B3F4C22EDD600008A34A7 /* rusted metal roughness.png */,
				E79B3F4A22EDD600008A34A7 /* test_torus.mesh */,
				BDE0F106227DACC200CD85D9 /* random.png */,
				BDCD08E721DE8B0D00F37C01 /* Alexs_Apt_2k.hdr */,
				BD2E31D521D3CD900085F6DA /* textured_unit_cube.mesh */,
				BD45E01621CFA23800ABBD5B /* Serpentine_Valley_3k.hdr */,
				BD4992F620DFB351009DA76D /* sphere.mesh */,
				BD1DA54920724064004EF62A /* box.mesh */,
				BD1DA54A20724064004EF62A /* light.mesh */,
				BD9FA6BC1F2E2CBE00978F61 /* checkerboard.mesh */,
				BD9FA6BD1F2E2CBE00978F61 /* checkerboard.tga */,
				BD7203931EEC1FDA00B2C914 /* BEETHOVE_object.mesh */,
			);
			name = assets;
			sourceTree = "<group>";
		};
		BDE816FB2191E8D800B091F1 /* Products */ = {
			isa = PBXGroup;
			children = (
				BDE817012191E8D800B091F1 /* libmeshoptimizer.a */,
			);
			name = Products;
			sourceTree = "<group>";
		};
		E79B3F6922EDDDC8008A34A7 /* Products */ = {
			isa = PBXGroup;
			children = (
				E79B3F6D22EDDDC9008A34A7 /* libModoMeshLoader.a */,
			);
			name = Products;
			sourceTree = "<group>";
		};
/* End PBXGroup section */

/* Begin PBXNativeTarget section */
		BD3D1AAA1E895BFB00F7311A /* FireAndForget.v2 */ = {
			isa = PBXNativeTarget;
			buildConfigurationList = BD3D1ABF1E895BFC00F7311A /* Build configuration list for PBXNativeTarget "FireAndForget.v2" */;
			buildPhases = (
				BD3D1AA71E895BFB00F7311A /* Sources */,
				BD3D1AA81E895BFB00F7311A /* Frameworks */,
				BD3D1AA91E895BFB00F7311A /* Resources */,
			);
			buildRules = (
			);
			dependencies = (
			);
			name = FireAndForget.v2;
			productName = FireAndForget.v2;
			productReference = BD3D1AAB1E895BFB00F7311A /* FireAndForget.v2.app */;
			productType = "com.apple.product-type.application";
		};
/* End PBXNativeTarget section */

/* Begin PBXProject section */
		BD3D1AA31E895BFB00F7311A /* Project object */ = {
			isa = PBXProject;
			attributes = {
				LastUpgradeCheck = 0930;
				ORGANIZATIONNAME = "András Kovács";
				TargetAttributes = {
					BD3D1AAA1E895BFB00F7311A = {
						CreatedOnToolsVersion = 8.2.1;
						ProvisioningStyle = Automatic;
					};
				};
			};
			buildConfigurationList = BD3D1AA61E895BFB00F7311A /* Build configuration list for PBXProject "FireAndForget.v2" */;
			compatibilityVersion = "Xcode 3.2";
			developmentRegion = English;
			hasScannedForEncodings = 0;
			knownRegions = (
				English,
				en,
				Base,
			);
			mainGroup = BD3D1AA21E895BFB00F7311A;
			productRefGroup = BD3D1AAC1E895BFB00F7311A /* Products */;
			projectDirPath = "";
			projectReferences = (
				{
					ProductGroup = BD33FCA61F35D5F100162D00 /* Products */;
					ProjectRef = BD33FCA51F35D5F100162D00 /* MeshLoader.xcodeproj */;
				},
				{
					ProductGroup = BDE816FB2191E8D800B091F1 /* Products */;
					ProjectRef = BDE816FA2191E8D800B091F1 /* meshoptimizer.xcodeproj */;
				},
				{
					ProductGroup = E79B3F6922EDDDC8008A34A7 /* Products */;
					ProjectRef = E79B3F6822EDDDC8008A34A7 /* ModoMeshLoader.xcodeproj */;
				},
			);
			projectRoot = "";
			targets = (
				BD3D1AAA1E895BFB00F7311A /* FireAndForget.v2 */,
			);
		};
/* End PBXProject section */

/* Begin PBXReferenceProxy section */
		BD33FCAA1F35D5F100162D00 /* libMeshLoader.a */ = {
			isa = PBXReferenceProxy;
			fileType = archive.ar;
			path = libMeshLoader.a;
			remoteRef = BD33FCA91F35D5F100162D00 /* PBXContainerItemProxy */;
			sourceTree = BUILT_PRODUCTS_DIR;
		};
		BDE817012191E8D800B091F1 /* libmeshoptimizer.a */ = {
			isa = PBXReferenceProxy;
			fileType = archive.ar;
			path = libmeshoptimizer.a;
			remoteRef = BDE817002191E8D800B091F1 /* PBXContainerItemProxy */;
			sourceTree = BUILT_PRODUCTS_DIR;
		};
		E79B3F6D22EDDDC9008A34A7 /* libModoMeshLoader.a */ = {
			isa = PBXReferenceProxy;
			fileType = archive.ar;
			path = libModoMeshLoader.a;
			remoteRef = E79B3F6C22EDDDC9008A34A7 /* PBXContainerItemProxy */;
			sourceTree = BUILT_PRODUCTS_DIR;
		};
/* End PBXReferenceProxy section */

/* Begin PBXResourcesBuildPhase section */
		BD3D1AA91E895BFB00F7311A /* Resources */ = {
			isa = PBXResourcesBuildPhase;
			buildActionMask = 2147483647;
			files = (
				E7AF512822F6042F00A98E6F /* sphere_modo.mesh in Resources */,
				BD45E01721CFA23800ABBD5B /* Serpentine_Valley_3k.hdr in Resources */,
				E79B3F5022EDD601008A34A7 /* rusted metal metallic.png in Resources */,
				E79B3F4F22EDD601008A34A7 /* test_torus.mesh in Resources */,
				BD9FA6BF1F2E2CBE00978F61 /* checkerboard.tga in Resources */,
				E7AF512622F6042F00A98E6F /* 7582-normal.png in Resources */,
				BDE0F10B227DACC200CD85D9 /* random.png in Resources */,
				E79B3F4E22EDD601008A34A7 /* rusted metal normal.png in Resources */,
				BD1DA54C20724065004EF62A /* light.mesh in Resources */,
				BD7203941EEC1FDA00B2C914 /* BEETHOVE_object.mesh in Resources */,
				E7AF512B22F6048000A98E6F /* light_modo.mesh in Resources */,
				E7AF512522F6042F00A98E6F /* checkerboard_modo.mesh in Resources */,
				BD1DA54B20724065004EF62A /* box.mesh in Resources */,
				E7AF512722F6042F00A98E6F /* box_modo.mesh in Resources */,
				BD9FA6BE1F2E2CBE00978F61 /* checkerboard.mesh in Resources */,
				BD2E31DA21D3CD900085F6DA /* textured_unit_cube.mesh in Resources */,
				E7AF512C22F6048000A98E6F /* textured_unit_cube_modo.mesh in Resources */,
				BD4992F720DFB351009DA76D /* sphere.mesh in Resources */,
				E79B3F4D22EDD601008A34A7 /* rusted metal color.png in Resources */,
				BD3D1AB81E895BFC00F7311A /* Assets.xcassets in Resources */,
				BDCD08EC21DE8B0D00F37C01 /* Alexs_Apt_2k.hdr in Resources */,
				E79B3F5122EDD601008A34A7 /* rusted metal roughness.png in Resources */,
				BD3D1ABB1E895BFC00F7311A /* Main.storyboard in Resources */,
			);
			runOnlyForDeploymentPostprocessing = 0;
		};
/* End PBXResourcesBuildPhase section */

/* Begin PBXSourcesBuildPhase section */
		BD3D1AA71E895BFB00F7311A /* Sources */ = {
			isa = PBXSourcesBuildPhase;
			buildActionMask = 2147483647;
			files = (
				BD6A4168208CE5D50027E1D7 /* Common.h.metal in Sources */,
				E7325D7322EF6393007FDF43 /* ModoDNMR.metal in Sources */,
				BD4992F020DE64E1009DA76D /* PBR.metal in Sources */,
				BD9FA6C21F31E8B100978F61 /* Camera.cpp in Sources */,
				BD2E31DE21DA3DD20085F6DA /* VertexTypes.h.metal in Sources */,
				BDE817042192216F00B091F1 /* Tex.metal in Sources */,
				BD1B64252233E1BA00B7D806 /* PreFilterAndIntegrateBRDF.metal in Sources */,
				BD6A40E0208230A80027E1D7 /* Phong.metal in Sources */,
				BDCD08EE21E0CB9F00F37C01 /* Bg.metal in Sources */,
				BDE7ECBC224FC8A300BB9171 /* Downsample_half.metal in Sources */,
				BD2E31DC21DA3D1F0085F6DA /* CubeEnvMap.metal in Sources */,
				BD28F6FE1F09753300B07CBD /* Input.cpp in Sources */,
				BD4992F520DE9B12009DA76D /* DeferredPBR.metal in Sources */,
				BD1DA545206FDABC004EF62A /* Debug.metal in Sources */,
				E7AF512E22F6053300A98E6F /* ModoDN.metal in Sources */,
				BD6A40E2208230BA0027E1D7 /* Phong.h.metal in Sources */,
				BD4992F320DE6C79009DA76D /* PBR.h.metal in Sources */,
				BD6A416A208CE7DD0027E1D7 /* Common.metal in Sources */,
				BD28F7001F0A5E9B00B07CBD /* Shaders.mm in Sources */,
				BD6A4165208CD9780027E1D7 /* Deferred.metal in Sources */,
				BD3D1ACF1E8A689800F7311A /* MetalView.mm in Sources */,
				BD19CC4E1F13A962005781A5 /* Timer.cpp in Sources */,
				BD0E83611FF010D9005A2F8A /* Pos.metal in Sources */,
				BD7B0EDA1ECB544300B983E9 /* Scene.cpp in Sources */,
				BD621881223E6DA800468779 /* FragInput.h.metal in Sources */,
				BD3D1AB61E895BFC00F7311A /* ViewController.mm in Sources */,
				BDE816F52191B11C00B091F1 /* CBFrameAlloc.mm in Sources */,
				BD3D1AB31E895BFC00F7311A /* main.m in Sources */,
				BD7203921EEC1C5E00B2C914 /* Assets.cpp in Sources */,
				BD25F9DF1ECD9B4200ACD738 /* Renderer.mm in Sources */,
				BD3D1AB01E895BFC00F7311A /* AppDelegate.m in Sources */,
				BD2BB2A41EB4A9F600B82284 /* Sphere.cpp in Sources */,
			);
			runOnlyForDeploymentPostprocessing = 0;
		};
/* End PBXSourcesBuildPhase section */

/* Begin PBXVariantGroup section */
		BD3D1AB91E895BFC00F7311A /* Main.storyboard */ = {
			isa = PBXVariantGroup;
			children = (
				BD3D1ABA1E895BFC00F7311A /* Base */,
			);
			name = Main.storyboard;
			sourceTree = "<group>";
		};
/* End PBXVariantGroup section */

/* Begin XCBuildConfiguration section */
		BD3D1ABD1E895BFC00F7311A /* Debug */ = {
			isa = XCBuildConfiguration;
			buildSettings = {
				ALWAYS_SEARCH_USER_PATHS = YES;
				CLANG_ANALYZER_NONNULL = YES;
				CLANG_CXX_LANGUAGE_STANDARD = "gnu++0x";
				CLANG_CXX_LIBRARY = "libc++";
				CLANG_ENABLE_MODULES = YES;
				CLANG_ENABLE_OBJC_ARC = YES;
				CLANG_WARN_BLOCK_CAPTURE_AUTORELEASING = YES;
				CLANG_WARN_BOOL_CONVERSION = YES;
				CLANG_WARN_COMMA = YES;
				CLANG_WARN_CONSTANT_CONVERSION = YES;
				CLANG_WARN_DEPRECATED_OBJC_IMPLEMENTATIONS = YES;
				CLANG_WARN_DIRECT_OBJC_ISA_USAGE = YES_ERROR;
				CLANG_WARN_DOCUMENTATION_COMMENTS = YES;
				CLANG_WARN_EMPTY_BODY = YES;
				CLANG_WARN_ENUM_CONVERSION = YES;
				CLANG_WARN_INFINITE_RECURSION = YES;
				CLANG_WARN_INT_CONVERSION = YES;
				CLANG_WARN_NON_LITERAL_NULL_CONVERSION = YES;
				CLANG_WARN_OBJC_IMPLICIT_RETAIN_SELF = YES;
				CLANG_WARN_OBJC_LITERAL_CONVERSION = YES;
				CLANG_WARN_OBJC_ROOT_CLASS = YES_ERROR;
				CLANG_WARN_RANGE_LOOP_ANALYSIS = YES;
				CLANG_WARN_STRICT_PROTOTYPES = YES;
				CLANG_WARN_SUSPICIOUS_MOVE = YES;
				CLANG_WARN_UNREACHABLE_CODE = YES;
				CLANG_WARN__DUPLICATE_METHOD_MATCH = YES;
				CODE_SIGN_IDENTITY = "-";
				COPY_PHASE_STRIP = NO;
				DEBUG_INFORMATION_FORMAT = dwarf;
				ENABLE_STRICT_OBJC_MSGSEND = YES;
				ENABLE_TESTABILITY = YES;
				GCC_C_LANGUAGE_STANDARD = gnu99;
				GCC_DYNAMIC_NO_PIC = NO;
				GCC_NO_COMMON_BLOCKS = YES;
				GCC_OPTIMIZATION_LEVEL = 0;
				GCC_PREPROCESSOR_DEFINITIONS = (
					"DEBUG=1",
					"$(inherited)",
				);
				GCC_WARN_64_TO_32_BIT_CONVERSION = YES;
				GCC_WARN_ABOUT_RETURN_TYPE = YES_ERROR;
				GCC_WARN_UNDECLARED_SELECTOR = YES;
				GCC_WARN_UNINITIALIZED_AUTOS = YES_AGGRESSIVE;
				GCC_WARN_UNUSED_FUNCTION = YES;
				GCC_WARN_UNUSED_VARIABLE = YES;
				HEADER_SEARCH_PATHS = (
					"\"$(SRCROOT)/../3rdparty/meshoptimizer/src\"",
					"\"$(SRCROOT)/../3rdparty/stb\"",
				);
				LIBRARY_SEARCH_PATHS = "\"$(SRCROOT)/../3rdparty/meshoptimizer/Debug\"";
				MACOSX_DEPLOYMENT_TARGET = 10.14;
				MTL_ENABLE_DEBUG_INFO = YES;
				ONLY_ACTIVE_ARCH = YES;
				PRELINK_LIBS = "";
				SDKROOT = macosx;
			};
			name = Debug;
		};
		BD3D1ABE1E895BFC00F7311A /* Release */ = {
			isa = XCBuildConfiguration;
			buildSettings = {
				ALWAYS_SEARCH_USER_PATHS = YES;
				CLANG_ANALYZER_NONNULL = YES;
				CLANG_CXX_LANGUAGE_STANDARD = "gnu++0x";
				CLANG_CXX_LIBRARY = "libc++";
				CLANG_ENABLE_MODULES = YES;
				CLANG_ENABLE_OBJC_ARC = YES;
				CLANG_WARN_BLOCK_CAPTURE_AUTORELEASING = YES;
				CLANG_WARN_BOOL_CONVERSION = YES;
				CLANG_WARN_COMMA = YES;
				CLANG_WARN_CONSTANT_CONVERSION = YES;
				CLANG_WARN_DEPRECATED_OBJC_IMPLEMENTATIONS = YES;
				CLANG_WARN_DIRECT_OBJC_ISA_USAGE = YES_ERROR;
				CLANG_WARN_DOCUMENTATION_COMMENTS = YES;
				CLANG_WARN_EMPTY_BODY = YES;
				CLANG_WARN_ENUM_CONVERSION = YES;
				CLANG_WARN_INFINITE_RECURSION = YES;
				CLANG_WARN_INT_CONVERSION = YES;
				CLANG_WARN_NON_LITERAL_NULL_CONVERSION = YES;
				CLANG_WARN_OBJC_IMPLICIT_RETAIN_SELF = YES;
				CLANG_WARN_OBJC_LITERAL_CONVERSION = YES;
				CLANG_WARN_OBJC_ROOT_CLASS = YES_ERROR;
				CLANG_WARN_RANGE_LOOP_ANALYSIS = YES;
				CLANG_WARN_STRICT_PROTOTYPES = YES;
				CLANG_WARN_SUSPICIOUS_MOVE = YES;
				CLANG_WARN_UNREACHABLE_CODE = YES;
				CLANG_WARN__DUPLICATE_METHOD_MATCH = YES;
				CODE_SIGN_IDENTITY = "-";
				COPY_PHASE_STRIP = NO;
				DEBUG_INFORMATION_FORMAT = "dwarf-with-dsym";
				ENABLE_NS_ASSERTIONS = NO;
				ENABLE_STRICT_OBJC_MSGSEND = YES;
				GCC_C_LANGUAGE_STANDARD = gnu99;
				GCC_NO_COMMON_BLOCKS = YES;
				GCC_WARN_64_TO_32_BIT_CONVERSION = YES;
				GCC_WARN_ABOUT_RETURN_TYPE = YES_ERROR;
				GCC_WARN_UNDECLARED_SELECTOR = YES;
				GCC_WARN_UNINITIALIZED_AUTOS = YES_AGGRESSIVE;
				GCC_WARN_UNUSED_FUNCTION = YES;
				GCC_WARN_UNUSED_VARIABLE = YES;
				HEADER_SEARCH_PATHS = (
					"\"$(SRCROOT)/../3rdparty/meshoptimizer/src\"",
					"\"$(SRCROOT)/../3rdparty/stb\"",
				);
				LIBRARY_SEARCH_PATHS = "\"$(SRCROOT)/../3rdparty/meshoptimizer/Debug\"";
				MACOSX_DEPLOYMENT_TARGET = 10.14;
				MTL_ENABLE_DEBUG_INFO = NO;
				PRELINK_LIBS = "";
				SDKROOT = macosx;
			};
			name = Release;
		};
		BD3D1AC01E895BFC00F7311A /* Debug */ = {
			isa = XCBuildConfiguration;
			buildSettings = {
				ASSETCATALOG_COMPILER_APPICON_NAME = AppIcon;
				CLANG_CXX_LANGUAGE_STANDARD = "c++17";
				COMBINE_HIDPI_IMAGES = YES;
				HEADER_SEARCH_PATHS = (
					"\"$(SRCROOT)/../MeshLoader\"",
					"\"$(SRCROOT)/../3rdparty/GSL/include\"",
					"\"$(SRCROOT)/../3rdparty/glm\"",
					"\"$(SRCROOT)/../ModoMeshLoader\"",
				);
				INFOPLIST_FILE = source/Info.plist;
				LD_RUNPATH_SEARCH_PATHS = "$(inherited) @executable_path/../Frameworks";
				PRODUCT_BUNDLE_IDENTIFIER = org.FireAndForget.v2;
				PRODUCT_NAME = "$(TARGET_NAME)";
				SYSTEM_HEADER_SEARCH_PATHS = ../3rdparty/glm;
			};
			name = Debug;
		};
		BD3D1AC11E895BFC00F7311A /* Release */ = {
			isa = XCBuildConfiguration;
			buildSettings = {
				ASSETCATALOG_COMPILER_APPICON_NAME = AppIcon;
				CLANG_CXX_LANGUAGE_STANDARD = "c++17";
				COMBINE_HIDPI_IMAGES = YES;
				HEADER_SEARCH_PATHS = (
					"\"$(SRCROOT)/../MeshLoader\"",
					"\"$(SRCROOT)/../3rdparty/GSL/include\"",
					"\"$(SRCROOT)/../3rdparty/glm\"",
					"\"$(SRCROOT)/../ModoMeshLoader\"",
				);
				INFOPLIST_FILE = source/Info.plist;
				LD_RUNPATH_SEARCH_PATHS = "$(inherited) @executable_path/../Frameworks";
				PRODUCT_BUNDLE_IDENTIFIER = org.FireAndForget.v2;
				PRODUCT_NAME = "$(TARGET_NAME)";
				SYSTEM_HEADER_SEARCH_PATHS = ../3rdparty/glm;
			};
			name = Release;
		};
/* End XCBuildConfiguration section */

/* Begin XCConfigurationList section */
		BD3D1AA61E895BFB00F7311A /* Build configuration list for PBXProject "FireAndForget.v2" */ = {
			isa = XCConfigurationList;
			buildConfigurations = (
				BD3D1ABD1E895BFC00F7311A /* Debug */,
				BD3D1ABE1E895BFC00F7311A /* Release */,
			);
			defaultConfigurationIsVisible = 0;
			defaultConfigurationName = Release;
		};
		BD3D1ABF1E895BFC00F7311A /* Build configuration list for PBXNativeTarget "FireAndForget.v2" */ = {
			isa = XCConfigurationList;
			buildConfigurations = (
				BD3D1AC01E895BFC00F7311A /* Debug */,
				BD3D1AC11E895BFC00F7311A /* Release */,
			);
			defaultConfigurationIsVisible = 0;
			defaultConfigurationName = Release;
		};
/* End XCConfigurationList section */
	};
	rootObject = BD3D1AA31E895BFB00F7311A /* Project object */;
}
